// !$*UTF8*$!
{
	archiveVersion = 1;
	classes = {
	};
	objectVersion = 46;
	objects = {

/* Begin PBXBuildFile section */
		A3BD18971F00AAB0006E35C9 /* QuartzLine.m in Sources */ = {isa = PBXBuildFile; fileRef = A3BD18961F00AAB0006E35C9 /* QuartzLine.m */; };
		A3F7446A1EECE241006DED60 /* main.m in Sources */ = {isa = PBXBuildFile; fileRef = A3F744691EECE241006DED60 /* main.m */; };
		A3F7446D1EECE241006DED60 /* AppDelegate.m in Sources */ = {isa = PBXBuildFile; fileRef = A3F7446C1EECE241006DED60 /* AppDelegate.m */; };
		A3F744701EECE241006DED60 /* ViewController.m in Sources */ = {isa = PBXBuildFile; fileRef = A3F7446F1EECE241006DED60 /* ViewController.m */; };
		A3F744731EECE241006DED60 /* Main.storyboard in Resources */ = {isa = PBXBuildFile; fileRef = A3F744711EECE241006DED60 /* Main.storyboard */; };
		A3F744751EECE241006DED60 /* Assets.xcassets in Resources */ = {isa = PBXBuildFile; fileRef = A3F744741EECE241006DED60 /* Assets.xcassets */; };
		A3F744781EECE241006DED60 /* LaunchScreen.storyboard in Resources */ = {isa = PBXBuildFile; fileRef = A3F744761EECE241006DED60 /* LaunchScreen.storyboard */; };
		A3F744811EECE321006DED60 /* gestureViewController.m in Sources */ = {isa = PBXBuildFile; fileRef = A3F744801EECE321006DED60 /* gestureViewController.m */; };
		A3F744841EECE332006DED60 /* graphViewController.m in Sources */ = {isa = PBXBuildFile; fileRef = A3F744831EECE332006DED60 /* graphViewController.m */; };
		A3F744871EECE4B7006DED60 /* QuartzY.m in Sources */ = {isa = PBXBuildFile; fileRef = A3F744861EECE4B7006DED60 /* QuartzY.m */; };
		A3F7448A1EECE548006DED60 /* QuartzX.m in Sources */ = {isa = PBXBuildFile; fileRef = A3F744891EECE548006DED60 /* QuartzX.m */; };
/* End PBXBuildFile section */

/* Begin PBXFileReference section */
		A3BD18951F00AAB0006E35C9 /* QuartzLine.h */ = {isa = PBXFileReference; fileEncoding = 4; lastKnownFileType = sourcecode.c.h; path = QuartzLine.h; sourceTree = "<group>"; };
		A3BD18961F00AAB0006E35C9 /* QuartzLine.m */ = {isa = PBXFileReference; fileEncoding = 4; lastKnownFileType = sourcecode.c.objc; path = QuartzLine.m; sourceTree = "<group>"; };
		A3F744651EECE241006DED60 /* GestureAndGraph.app */ = {isa = PBXFileReference; explicitFileType = wrapper.application; includeInIndex = 0; path = GestureAndGraph.app; sourceTree = BUILT_PRODUCTS_DIR; };
		A3F744691EECE241006DED60 /* main.m */ = {isa = PBXFileReference; lastKnownFileType = sourcecode.c.objc; path = main.m; sourceTree = "<group>"; };
		A3F7446B1EECE241006DED60 /* AppDelegate.h */ = {isa = PBXFileReference; lastKnownFileType = sourcecode.c.h; path = AppDelegate.h; sourceTree = "<group>"; };
		A3F7446C1EECE241006DED60 /* AppDelegate.m */ = {isa = PBXFileReference; lastKnownFileType = sourcecode.c.objc; path = AppDelegate.m; sourceTree = "<group>"; };
		A3F7446E1EECE241006DED60 /* ViewController.h */ = {isa = PBXFileReference; lastKnownFileType = sourcecode.c.h; path = ViewController.h; sourceTree = "<group>"; };
		A3F7446F1EECE241006DED60 /* ViewController.m */ = {isa = PBXFileReference; lastKnownFileType = sourcecode.c.objc; path = ViewController.m; sourceTree = "<group>"; };
		A3F744721EECE241006DED60 /* Base */ = {isa = PBXFileReference; lastKnownFileType = file.storyboard; name = Base; path = Base.lproj/Main.storyboard; sourceTree = "<group>"; };
		A3F744741EECE241006DED60 /* Assets.xcassets */ = {isa = PBXFileReference; lastKnownFileType = folder.assetcatalog; path = Assets.xcassets; sourceTree = "<group>"; };
		A3F744771EECE241006DED60 /* Base */ = {isa = PBXFileReference; lastKnownFileType = file.storyboard; name = Base; path = Base.lproj/LaunchScreen.storyboard; sourceTree = "<group>"; };
		A3F744791EECE241006DED60 /* Info.plist */ = {isa = PBXFileReference; lastKnownFileType = text.plist.xml; path = Info.plist; sourceTree = "<group>"; };
		A3F7447F1EECE321006DED60 /* gestureViewController.h */ = {isa = PBXFileReference; fileEncoding = 4; lastKnownFileType = sourcecode.c.h; path = gestureViewController.h; sourceTree = "<group>"; };
		A3F744801EECE321006DED60 /* gestureViewController.m */ = {isa = PBXFileReference; fileEncoding = 4; lastKnownFileType = sourcecode.c.objc; path = gestureViewController.m; sourceTree = "<group>"; };
		A3F744821EECE332006DED60 /* graphViewController.h */ = {isa = PBXFileReference; fileEncoding = 4; lastKnownFileType = sourcecode.c.h; path = graphViewController.h; sourceTree = "<group>"; };
		A3F744831EECE332006DED60 /* graphViewController.m */ = {isa = PBXFileReference; fileEncoding = 4; lastKnownFileType = sourcecode.c.objc; path = graphViewController.m; sourceTree = "<group>"; };
		A3F744851EECE4B7006DED60 /* QuartzY.h */ = {isa = PBXFileReference; fileEncoding = 4; lastKnownFileType = sourcecode.c.h; path = QuartzY.h; sourceTree = "<group>"; };
		A3F744861EECE4B7006DED60 /* QuartzY.m */ = {isa = PBXFileReference; fileEncoding = 4; lastKnownFileType = sourcecode.c.objc; path = QuartzY.m; sourceTree = "<group>"; };
		A3F744881EECE548006DED60 /* QuartzX.h */ = {isa = PBXFileReference; fileEncoding = 4; lastKnownFileType = sourcecode.c.h; path = QuartzX.h; sourceTree = "<group>"; };
		A3F744891EECE548006DED60 /* QuartzX.m */ = {isa = PBXFileReference; fileEncoding = 4; lastKnownFileType = sourcecode.c.objc; path = QuartzX.m; sourceTree = "<group>"; };
/* End PBXFileReference section */

/* Begin PBXFrameworksBuildPhase section */
		A3F744621EECE241006DED60 /* Frameworks */ = {
			isa = PBXFrameworksBuildPhase;
			buildActionMask = 2147483647;
			files = (
			);
			runOnlyForDeploymentPostprocessing = 0;
		};
/* End PBXFrameworksBuildPhase section */

/* Begin PBXGroup section */
		A3F7445C1EECE241006DED60 = {
			isa = PBXGroup;
			children = (
				A3F744671EECE241006DED60 /* GestureAndGraph */,
				A3F744661EECE241006DED60 /* Products */,
			);
			sourceTree = "<group>";
		};
		A3F744661EECE241006DED60 /* Products */ = {
			isa = PBXGroup;
			children = (
				A3F744651EECE241006DED60 /* GestureAndGraph.app */,
			);
			name = Products;
			sourceTree = "<group>";
		};
		A3F744671EECE241006DED60 /* GestureAndGraph */ = {
			isa = PBXGroup;
			children = (
				A3F7446E1EECE241006DED60 /* ViewController.h */,
				A3F7446F1EECE241006DED60 /* ViewController.m */,
				A3F7447F1EECE321006DED60 /* gestureViewController.h */,
				A3F744801EECE321006DED60 /* gestureViewController.m */,
				A3F744821EECE332006DED60 /* graphViewController.h */,
				A3F744831EECE332006DED60 /* graphViewController.m */,
				A3F744851EECE4B7006DED60 /* QuartzY.h */,
				A3F744861EECE4B7006DED60 /* QuartzY.m */,
				A3F744881EECE548006DED60 /* QuartzX.h */,
				A3F744891EECE548006DED60 /* QuartzX.m */,
				A3BD18951F00AAB0006E35C9 /* QuartzLine.h */,
				A3BD18961F00AAB0006E35C9 /* QuartzLine.m */,
				A3F744681EECE241006DED60 /* Supporting Files */,
			);
			path = GestureAndGraph;
			sourceTree = "<group>";
		};
		A3F744681EECE241006DED60 /* Supporting Files */ = {
			isa = PBXGroup;
			children = (
				A3F744741EECE241006DED60 /* Assets.xcassets */,
				A3F744791EECE241006DED60 /* Info.plist */,
				A3F7446B1EECE241006DED60 /* AppDelegate.h */,
				A3F744691EECE241006DED60 /* main.m */,
				A3F7446C1EECE241006DED60 /* AppDelegate.m */,
				A3F744711EECE241006DED60 /* Main.storyboard */,
				A3F744761EECE241006DED60 /* LaunchScreen.storyboard */,
			);
			name = "Supporting Files";
			sourceTree = "<group>";
		};
/* End PBXGroup section */

/* Begin PBXNativeTarget section */
		A3F744641EECE241006DED60 /* GestureAndGraph */ = {
			isa = PBXNativeTarget;
			buildConfigurationList = A3F7447C1EECE241006DED60 /* Build configuration list for PBXNativeTarget "GestureAndGraph" */;
			buildPhases = (
				A3F744611EECE241006DED60 /* Sources */,
				A3F744621EECE241006DED60 /* Frameworks */,
				A3F744631EECE241006DED60 /* Resources */,
			);
			buildRules = (
			);
			dependencies = (
			);
			name = GestureAndGraph;
			productName = GestureAndGraph;
			productReference = A3F744651EECE241006DED60 /* GestureAndGraph.app */;
			productType = "com.apple.product-type.application";
		};
/* End PBXNativeTarget section */

/* Begin PBXProject section */
		A3F7445D1EECE241006DED60 /* Project object */ = {
			isa = PBXProject;
			attributes = {
				LastUpgradeCheck = 0830;
				ORGANIZATIONNAME = luke;
				TargetAttributes = {
					A3F744641EECE241006DED60 = {
						CreatedOnToolsVersion = 8.3.3;
						ProvisioningStyle = Automatic;
					};
				};
			};
			buildConfigurationList = A3F744601EECE241006DED60 /* Build configuration list for PBXProject "GestureAndGraph" */;
			compatibilityVersion = "Xcode 3.2";
			developmentRegion = English;
			hasScannedForEncodings = 0;
			knownRegions = (
				en,
				Base,
			);
			mainGroup = A3F7445C1EECE241006DED60;
			productRefGroup = A3F744661EECE241006DED60 /* Products */;
			projectDirPath = "";
			projectRoot = "";
			targets = (
				A3F744641EECE241006DED60 /* GestureAndGraph */,
			);
		};
/* End PBXProject section */

/* Begin PBXResourcesBuildPhase section */
		A3F744631EECE241006DED60 /* Resources */ = {
			isa = PBXResourcesBuildPhase;
			buildActionMask = 2147483647;
			files = (
				A3F744781EECE241006DED60 /* LaunchScreen.storyboard in Resources */,
				A3F744751EECE241006DED60 /* Assets.xcassets in Resources */,
				A3F744731EECE241006DED60 /* Main.storyboard in Resources */,
			);
			runOnlyForDeploymentPostprocessing = 0;
		};
/* End PBXResourcesBuildPhase section */

/* Begin PBXSourcesBuildPhase section */
		A3F744611EECE241006DED60 /* Sources */ = {
			isa = PBXSourcesBuildPhase;
			buildActionMask = 2147483647;
			files = (
				A3F744871EECE4B7006DED60 /* QuartzY.m in Sources */,
				A3F744841EECE332006DED60 /* graphViewController.m in Sources */,
				A3F744811EECE321006DED60 /* gestureViewController.m in Sources */,
				A3F744701EECE241006DED60 /* ViewController.m in Sources */,
				A3F7446D1EECE241006DED60 /* AppDelegate.m in Sources */,
				A3F7446A1EECE241006DED60 /* main.m in Sources */,
				A3BD18971F00AAB0006E35C9 /* QuartzLine.m in Sources */,
				A3F7448A1EECE548006DED60 /* QuartzX.m in Sources */,
			);
			runOnlyForDeploymentPostprocessing = 0;
		};
/* End PBXSourcesBuildPhase section */

/* Begin PBXVariantGroup section */
		A3F744711EECE241006DED60 /* Main.storyboard */ = {
			isa = PBXVariantGroup;
			children = (
				A3F744721EECE241006DED60 /* Base */,
			);
			name = Main.storyboard;
			sourceTree = "<group>";
		};
		A3F744761EECE241006DED60 /* LaunchScreen.storyboard */ = {
			isa = PBXVariantGroup;
			children = (
				A3F744771EECE241006DED60 /* Base */,
			);
			name = LaunchScreen.storyboard;
			sourceTree = "<group>";
		};
/* End PBXVariantGroup section */

/* Begin XCBuildConfiguration section */
		A3F7447A1EECE241006DED60 /* Debug */ = {
			isa = XCBuildConfiguration;
			buildSettings = {
				ALWAYS_SEARCH_USER_PATHS = NO;
				CLANG_ANALYZER_NONNULL = YES;
				CLANG_ANALYZER_NUMBER_OBJECT_CONVERSION = YES_AGGRESSIVE;
				CLANG_CXX_LANGUAGE_STANDARD = "gnu++0x";
				CLANG_CXX_LIBRARY = "libc++";
				CLANG_ENABLE_MODULES = YES;
				CLANG_ENABLE_OBJC_ARC = YES;
				CLANG_WARN_BOOL_CONVERSION = YES;
				CLANG_WARN_CONSTANT_CONVERSION = YES;
				CLANG_WARN_DIRECT_OBJC_ISA_USAGE = YES_ERROR;
				CLANG_WARN_DOCUMENTATION_COMMENTS = YES;
				CLANG_WARN_EMPTY_BODY = YES;
				CLANG_WARN_ENUM_CONVERSION = YES;
				CLANG_WARN_INFINITE_RECURSION = YES;
				CLANG_WARN_INT_CONVERSION = YES;
				CLANG_WARN_OBJC_ROOT_CLASS = YES_ERROR;
				CLANG_WARN_SUSPICIOUS_MOVE = YES;
				CLANG_WARN_UNREACHABLE_CODE = YES;
				CLANG_WARN__DUPLICATE_METHOD_MATCH = YES;
				"CODE_SIGN_IDENTITY[sdk=iphoneos*]" = "iPhone Developer";
				COPY_PHASE_STRIP = NO;
				DEBUG_INFORMATION_FORMAT = dwarf;
				ENABLE_STRICT_OBJC_MSGSEND = YES;
				ENABLE_TESTABILITY = YES;
				GCC_C_LANGUAGE_STANDARD = gnu99;
				GCC_DYNAMIC_NO_PIC = NO;
				GCC_NO_COMMON_BLOCKS = YES;
				GCC_OPTIMIZATION_LEVEL = 0;
				GCC_PREPROCESSOR_DEFINITIONS = (
					"DEBUG=1",
					"$(inherited)",
				);
				GCC_WARN_64_TO_32_BIT_CONVERSION = YES;
				GCC_WARN_ABOUT_RETURN_TYPE = YES_ERROR;
				GCC_WARN_UNDECLARED_SELECTOR = YES;
				GCC_WARN_UNINITIALIZED_AUTOS = YES_AGGRESSIVE;
				GCC_WARN_UNUSED_FUNCTION = YES;
				GCC_WARN_UNUSED_VARIABLE = YES;
				IPHONEOS_DEPLOYMENT_TARGET = 10.3;
				MTL_ENABLE_DEBUG_INFO = YES;
				ONLY_ACTIVE_ARCH = YES;
				SDKROOT = iphoneos;
				TARGETED_DEVICE_FAMILY = "1,2";
			};
			name = Debug;
		};
		A3F7447B1EECE241006DED60 /* Release */ = {
			isa = XCBuildConfiguration;
			buildSettings = {
				ALWAYS_SEARCH_USER_PATHS = NO;
				CLANG_ANALYZER_NONNULL = YES;
				CLANG_ANALYZER_NUMBER_OBJECT_CONVERSION = YES_AGGRESSIVE;
				CLANG_CXX_LANGUAGE_STANDARD = "gnu++0x";
				CLANG_CXX_LIBRARY = "libc++";
				CLANG_ENABLE_MODULES = YES;
				CLANG_ENABLE_OBJC_ARC = YES;
				CLANG_WARN_BOOL_CONVERSION = YES;
				CLANG_WARN_CONSTANT_CONVERSION = YES;
				CLANG_WARN_DIRECT_OBJC_ISA_USAGE = YES_ERROR;
				CLANG_WARN_DOCUMENTATION_COMMENTS = YES;
				CLANG_WARN_EMPTY_BODY = YES;
				CLANG_WARN_ENUM_CONVERSION = YES;
				CLANG_WARN_INFINITE_RECURSION = YES;
				CLANG_WARN_INT_CONVERSION = YES;
				CLANG_WARN_OBJC_ROOT_CLASS = YES_ERROR;
				CLANG_WARN_SUSPICIOUS_MOVE = YES;
				CLANG_WARN_UNREACHABLE_CODE = YES;
				CLANG_WARN__DUPLICATE_METHOD_MATCH = YES;
				"CODE_SIGN_IDENTITY[sdk=iphoneos*]" = "iPhone Developer";
				COPY_PHASE_STRIP = NO;
				DEBUG_INFORMATION_FORMAT = "dwarf-with-dsym";
				ENABLE_NS_ASSERTIONS = NO;
				ENABLE_STRICT_OBJC_MSGSEND = YES;
				GCC_C_LANGUAGE_STANDARD = gnu99;
				GCC_NO_COMMON_BLOCKS = YES;
				GCC_WARN_64_TO_32_BIT_CONVERSION = YES;
				GCC_WARN_ABOUT_RETURN_TYPE = YES_ERROR;
				GCC_WARN_UNDECLARED_SELECTOR = YES;
				GCC_WARN_UNINITIALIZED_AUTOS = YES_AGGRESSIVE;
				GCC_WARN_UNUSED_FUNCTION = YES;
				GCC_WARN_UNUSED_VARIABLE = YES;
				IPHONEOS_DEPLOYMENT_TARGET = 10.3;
				MTL_ENABLE_DEBUG_INFO = NO;
				SDKROOT = iphoneos;
				TARGETED_DEVICE_FAMILY = "1,2";
				VALIDATE_PRODUCT = YES;
			};
			name = Release;
		};
		A3F7447D1EECE241006DED60 /* Debug */ = {
			isa = XCBuildConfiguration;
			buildSettings = {
				ASSETCATALOG_COMPILER_APPICON_NAME = AppIcon;
				INFOPLIST_FILE = GestureAndGraph/Info.plist;
				LD_RUNPATH_SEARCH_PATHS = "$(inherited) @executable_path/Frameworks";
				PRODUCT_BUNDLE_IDENTIFIER = luke.GestureAndGraph;
				PRODUCT_NAME = "$(TARGET_NAME)";
			};
			name = Debug;
		};
		A3F7447E1EECE241006DED60 /* Release */ = {
			isa = XCBuildConfiguration;
			buildSettings = {
				ASSETCATALOG_COMPILER_APPICON_NAME = AppIcon;
				INFOPLIST_FILE = GestureAndGraph/Info.plist;
				LD_RUNPATH_SEARCH_PATHS = "$(inherited) @executable_path/Frameworks";
				PRODUCT_BUNDLE_IDENTIFIER = luke.GestureAndGraph;
				PRODUCT_NAME = "$(TARGET_NAME)";
			};
			name = Release;
		};
/* End XCBuildConfiguration section */

/* Begin XCConfigurationList section */
		A3F744601EECE241006DED60 /* Build configuration list for PBXProject "GestureAndGraph" */ = {
			isa = XCConfigurationList;
			buildConfigurations = (
				A3F7447A1EECE241006DED60 /* Debug */,
				A3F7447B1EECE241006DED60 /* Release */,
			);
			defaultConfigurationIsVisible = 0;
			defaultConfigurationName = Release;
		};
		A3F7447C1EECE241006DED60 /* Build configuration list for PBXNativeTarget "GestureAndGraph" */ = {
			isa = XCConfigurationList;
			buildConfigurations = (
				A3F7447D1EECE241006DED60 /* Debug */,
				A3F7447E1EECE241006DED60 /* Release */,
			);
			defaultConfigurationIsVisible = 0;
			defaultConfigurationName = Release;
		};
/* End XCConfigurationList section */
	};
	rootObject = A3F7445D1EECE241006DED60 /* Project object */;
}
